// !$*UTF8*$!
{
	archiveVersion = 1;
	classes = {
	};
	objectVersion = 50;
	objects = {

/* Begin PBXBuildFile section */
		D4ACD8022281D23B008C1F5C /* AppDelegate.swift in Sources */ = {isa = PBXBuildFile; fileRef = D4ACD8012281D23B008C1F5C /* AppDelegate.swift */; };
		D4ACD8042281D23B008C1F5C /* ViewController.swift in Sources */ = {isa = PBXBuildFile; fileRef = D4ACD8032281D23B008C1F5C /* ViewController.swift */; };
		D4ACD8072281D23B008C1F5C /* Main.storyboard in Resources */ = {isa = PBXBuildFile; fileRef = D4ACD8052281D23B008C1F5C /* Main.storyboard */; };
		D4ACD80A2281D23B008C1F5C /* MATO2.xcdatamodeld in Sources */ = {isa = PBXBuildFile; fileRef = D4ACD8082281D23B008C1F5C /* MATO2.xcdatamodeld */; };
		D4ACD80C2281D23C008C1F5C /* Assets.xcassets in Resources */ = {isa = PBXBuildFile; fileRef = D4ACD80B2281D23C008C1F5C /* Assets.xcassets */; };
		D4ACD80F2281D23C008C1F5C /* LaunchScreen.storyboard in Resources */ = {isa = PBXBuildFile; fileRef = D4ACD80D2281D23C008C1F5C /* LaunchScreen.storyboard */; };
/* End PBXBuildFile section */

/* Begin PBXFileReference section */
		D4ACD7FE2281D23B008C1F5C /* MATO2.app */ = {isa = PBXFileReference; explicitFileType = wrapper.application; includeInIndex = 0; path = MATO2.app; sourceTree = BUILT_PRODUCTS_DIR; };
		D4ACD8012281D23B008C1F5C /* AppDelegate.swift */ = {isa = PBXFileReference; lastKnownFileType = sourcecode.swift; path = AppDelegate.swift; sourceTree = "<group>"; };
		D4ACD8032281D23B008C1F5C /* ViewController.swift */ = {isa = PBXFileReference; lastKnownFileType = sourcecode.swift; path = ViewController.swift; sourceTree = "<group>"; };
		D4ACD8062281D23B008C1F5C /* Base */ = {isa = PBXFileReference; lastKnownFileType = file.storyboard; name = Base; path = Base.lproj/Main.storyboard; sourceTree = "<group>"; };
		D4ACD8092281D23B008C1F5C /* MATO2.xcdatamodel */ = {isa = PBXFileReference; lastKnownFileType = wrapper.xcdatamodel; path = MATO2.xcdatamodel; sourceTree = "<group>"; };
		D4ACD80B2281D23C008C1F5C /* Assets.xcassets */ = {isa = PBXFileReference; lastKnownFileType = folder.assetcatalog; path = Assets.xcassets; sourceTree = "<group>"; };
		D4ACD80E2281D23C008C1F5C /* Base */ = {isa = PBXFileReference; lastKnownFileType = file.storyboard; name = Base; path = Base.lproj/LaunchScreen.storyboard; sourceTree = "<group>"; };
		D4ACD8102281D23C008C1F5C /* Info.plist */ = {isa = PBXFileReference; lastKnownFileType = text.plist.xml; path = Info.plist; sourceTree = "<group>"; };
/* End PBXFileReference section */

/* Begin PBXFrameworksBuildPhase section */
		D4ACD7FB2281D23B008C1F5C /* Frameworks */ = {
			isa = PBXFrameworksBuildPhase;
			buildActionMask = 2147483647;
			files = (
			);
			runOnlyForDeploymentPostprocessing = 0;
		};
/* End PBXFrameworksBuildPhase section */

/* Begin PBXGroup section */
		D4ACD7F52281D23B008C1F5C = {
			isa = PBXGroup;
			children = (
				D4ACD8002281D23B008C1F5C /* MATO2 */,
				D4ACD7FF2281D23B008C1F5C /* Products */,
			);
			sourceTree = "<group>";
		};
		D4ACD7FF2281D23B008C1F5C /* Products */ = {
			isa = PBXGroup;
			children = (
				D4ACD7FE2281D23B008C1F5C /* MATO2.app */,
			);
			name = Products;
			sourceTree = "<group>";
		};
		D4ACD8002281D23B008C1F5C /* MATO2 */ = {
			isa = PBXGroup;
			children = (
				D4ACD8012281D23B008C1F5C /* AppDelegate.swift */,
				D4ACD8032281D23B008C1F5C /* ViewController.swift */,
				D4ACD8052281D23B008C1F5C /* Main.storyboard */,
				D4ACD80B2281D23C008C1F5C /* Assets.xcassets */,
				D4ACD80D2281D23C008C1F5C /* LaunchScreen.storyboard */,
				D4ACD8102281D23C008C1F5C /* Info.plist */,
				D4ACD8082281D23B008C1F5C /* MATO2.xcdatamodeld */,
			);
			path = MATO2;
			sourceTree = "<group>";
		};
/* End PBXGroup section */

/* Begin PBXNativeTarget section */
		D4ACD7FD2281D23B008C1F5C /* MATO2 */ = {
			isa = PBXNativeTarget;
			buildConfigurationList = D4ACD8132281D23C008C1F5C /* Build configuration list for PBXNativeTarget "MATO2" */;
			buildPhases = (
				D4ACD7FA2281D23B008C1F5C /* Sources */,
				D4ACD7FB2281D23B008C1F5C /* Frameworks */,
				D4ACD7FC2281D23B008C1F5C /* Resources */,
			);
			buildRules = (
			);
			dependencies = (
			);
			name = MATO2;
			productName = MATO2;
			productReference = D4ACD7FE2281D23B008C1F5C /* MATO2.app */;
			productType = "com.apple.product-type.application";
		};
/* End PBXNativeTarget section */

/* Begin PBXProject section */
		D4ACD7F62281D23B008C1F5C /* Project object */ = {
			isa = PBXProject;
			attributes = {
				LastSwiftUpdateCheck = 1010;
				LastUpgradeCheck = 1010;
				ORGANIZATIONNAME = "Joshua Nimmo 2020";
				TargetAttributes = {
					D4ACD7FD2281D23B008C1F5C = {
						CreatedOnToolsVersion = 10.1;
					};
				};
			};
			buildConfigurationList = D4ACD7F92281D23B008C1F5C /* Build configuration list for PBXProject "MATO2" */;
			compatibilityVersion = "Xcode 9.3";
			developmentRegion = en;
			hasScannedForEncodings = 0;
			knownRegions = (
				en,
				Base,
			);
			mainGroup = D4ACD7F52281D23B008C1F5C;
			productRefGroup = D4ACD7FF2281D23B008C1F5C /* Products */;
			projectDirPath = "";
			projectRoot = "";
			targets = (
				D4ACD7FD2281D23B008C1F5C /* MATO2 */,
			);
		};
/* End PBXProject section */

/* Begin PBXResourcesBuildPhase section */
		D4ACD7FC2281D23B008C1F5C /* Resources */ = {
			isa = PBXResourcesBuildPhase;
			buildActionMask = 2147483647;
			files = (
				D4ACD80F2281D23C008C1F5C /* LaunchScreen.storyboard in Resources */,
				D4ACD80C2281D23C008C1F5C /* Assets.xcassets in Resources */,
				D4ACD8072281D23B008C1F5C /* Main.storyboard in Resources */,
			);
			runOnlyForDeploymentPostprocessing = 0;
		};
/* End PBXResourcesBuildPhase section */

/* Begin PBXSourcesBuildPhase section */
		D4ACD7FA2281D23B008C1F5C /* Sources */ = {
			isa = PBXSourcesBuildPhase;
			buildActionMask = 2147483647;
			files = (
				D4ACD8042281D23B008C1F5C /* ViewController.swift in Sources */,
				D4ACD8022281D23B008C1F5C /* AppDelegate.swift in Sources */,
				D4ACD80A2281D23B008C1F5C /* MATO2.xcdatamodeld in Sources */,
			);
			runOnlyForDeploymentPostprocessing = 0;
		};
/* End PBXSourcesBuildPhase section */

/* Begin PBXVariantGroup section */
		D4ACD8052281D23B008C1F5C /* Main.storyboard */ = {
			isa = PBXVariantGroup;
			children = (
				D4ACD8062281D23B008C1F5C /* Base */,
			);
			name = Main.storyboard;
			sourceTree = "<group>";
		};
		D4ACD80D2281D23C008C1F5C /* LaunchScreen.storyboard */ = {
			isa = PBXVariantGroup;
			children = (
				D4ACD80E2281D23C008C1F5C /* Base */,
			);
			name = LaunchScreen.storyboard;
			sourceTree = "<group>";
		};
/* End PBXVariantGroup section */

/* Begin XCBuildConfiguration section */
		D4ACD8112281D23C008C1F5C /* Debug */ = {
			isa = XCBuildConfiguration;
			buildSettings = {
				ALWAYS_SEARCH_USER_PATHS = NO;
				CLANG_ANALYZER_NONNULL = YES;
				CLANG_ANALYZER_NUMBER_OBJECT_CONVERSION = YES_AGGRESSIVE;
				CLANG_CXX_LANGUAGE_STANDARD = "gnu++14";
				CLANG_CXX_LIBRARY = "libc++";
				CLANG_ENABLE_MODULES = YES;
				CLANG_ENABLE_OBJC_ARC = YES;
				CLANG_ENABLE_OBJC_WEAK = YES;
				CLANG_WARN_BLOCK_CAPTURE_AUTORELEASING = YES;
				CLANG_WARN_BOOL_CONVERSION = YES;
				CLANG_WARN_COMMA = YES;
				CLANG_WARN_CONSTANT_CONVERSION = YES;
				CLANG_WARN_DEPRECATED_OBJC_IMPLEMENTATIONS = YES;
				CLANG_WARN_DIRECT_OBJC_ISA_USAGE = YES_ERROR;
				CLANG_WARN_DOCUMENTATION_COMMENTS = YES;
				CLANG_WARN_EMPTY_BODY = YES;
				CLANG_WARN_ENUM_CONVERSION = YES;
				CLANG_WARN_INFINITE_RECURSION = YES;
				CLANG_WARN_INT_CONVERSION = YES;
				CLANG_WARN_NON_LITERAL_NULL_CONVERSION = YES;
				CLANG_WARN_OBJC_IMPLICIT_RETAIN_SELF = YES;
				CLANG_WARN_OBJC_LITERAL_CONVERSION = YES;
				CLANG_WARN_OBJC_ROOT_CLASS = YES_ERROR;
				CLANG_WARN_RANGE_LOOP_ANALYSIS = YES;
				CLANG_WARN_STRICT_PROTOTYPES = YES;
				CLANG_WARN_SUSPICIOUS_MOVE = YES;
				CLANG_WARN_UNGUARDED_AVAILABILITY = YES_AGGRESSIVE;
				CLANG_WARN_UNREACHABLE_CODE = YES;
				CLANG_WARN__DUPLICATE_METHOD_MATCH = YES;
				CODE_SIGN_IDENTITY = "iPhone Developer";
				COPY_PHASE_STRIP = NO;
				DEBUG_INFORMATION_FORMAT = dwarf;
				ENABLE_STRICT_OBJC_MSGSEND = YES;
				ENABLE_TESTABILITY = YES;
				GCC_C_LANGUAGE_STANDARD = gnu11;
				GCC_DYNAMIC_NO_PIC = NO;
				GCC_NO_COMMON_BLOCKS = YES;
				GCC_OPTIMIZATION_LEVEL = 0;
				GCC_PREPROCESSOR_DEFINITIONS = (
					"DEBUG=1",
					"$(inherited)",
				);
				GCC_WARN_64_TO_32_BIT_CONVERSION = YES;
				GCC_WARN_ABOUT_RETURN_TYPE = YES_ERROR;
				GCC_WARN_UNDECLARED_SELECTOR = YES;
				GCC_WARN_UNINITIALIZED_AUTOS = YES_AGGRESSIVE;
				GCC_WARN_UNUSED_FUNCTION = YES;
				GCC_WARN_UNUSED_VARIABLE = YES;
				IPHONEOS_DEPLOYMENT_TARGET = 12.1;
				MTL_ENABLE_DEBUG_INFO = INCLUDE_SOURCE;
				MTL_FAST_MATH = YES;
				ONLY_ACTIVE_ARCH = YES;
				SDKROOT = iphoneos;
				SWIFT_ACTIVE_COMPILATION_CONDITIONS = DEBUG;
				SWIFT_OPTIMIZATION_LEVEL = "-Onone";
			};
			name = Debug;
		};
		D4ACD8122281D23C008C1F5C /* Release */ = {
			isa = XCBuildConfiguration;
			buildSettings = {
				ALWAYS_SEARCH_USER_PATHS = NO;
				CLANG_ANALYZER_NONNULL = YES;
				CLANG_ANALYZER_NUMBER_OBJECT_CONVERSION = YES_AGGRESSIVE;
				CLANG_CXX_LANGUAGE_STANDARD = "gnu++14";
				CLANG_CXX_LIBRARY = "libc++";
				CLANG_ENABLE_MODULES = YES;
				CLANG_ENABLE_OBJC_ARC = YES;
				CLANG_ENABLE_OBJC_WEAK = YES;
				CLANG_WARN_BLOCK_CAPTURE_AUTORELEASING = YES;
				CLANG_WARN_BOOL_CONVERSION = YES;
				CLANG_WARN_COMMA = YES;
				CLANG_WARN_CONSTANT_CONVERSION = YES;
				CLANG_WARN_DEPRECATED_OBJC_IMPLEMENTATIONS = YES;
				CLANG_WARN_DIRECT_OBJC_ISA_USAGE = YES_ERROR;
				CLANG_WARN_DOCUMENTATION_COMMENTS = YES;
				CLANG_WARN_EMPTY_BODY = YES;
				CLANG_WARN_ENUM_CONVERSION = YES;
				CLANG_WARN_INFINITE_RECURSION = YES;
				CLANG_WARN_INT_CONVERSION = YES;
				CLANG_WARN_NON_LITERAL_NULL_CONVERSION = YES;
				CLANG_WARN_OBJC_IMPLICIT_RETAIN_SELF = YES;
				CLANG_WARN_OBJC_LITERAL_CONVERSION = YES;
				CLANG_WARN_OBJC_ROOT_CLASS = YES_ERROR;
				CLANG_WARN_RANGE_LOOP_ANALYSIS = YES;
				CLANG_WARN_STRICT_PROTOTYPES = YES;
				CLANG_WARN_SUSPICIOUS_MOVE = YES;
				CLANG_WARN_UNGUARDED_AVAILABILITY = YES_AGGRESSIVE;
				CLANG_WARN_UNREACHABLE_CODE = YES;
				CLANG_WARN__DUPLICATE_METHOD_MATCH = YES;
				CODE_SIGN_IDENTITY = "iPhone Developer";
				COPY_PHASE_STRIP = NO;
				DEBUG_INFORMATION_FORMAT = "dwarf-with-dsym";
				ENABLE_NS_ASSERTIONS = NO;
				ENABLE_STRICT_OBJC_MSGSEND = YES;
				GCC_C_LANGUAGE_STANDARD = gnu11;
				GCC_NO_COMMON_BLOCKS = YES;
				GCC_WARN_64_TO_32_BIT_CONVERSION = YES;
				GCC_WARN_ABOUT_RETURN_TYPE = YES_ERROR;
				GCC_WARN_UNDECLARED_SELECTOR = YES;
				GCC_WARN_UNINITIALIZED_AUTOS = YES_AGGRESSIVE;
				GCC_WARN_UNUSED_FUNCTION = YES;
				GCC_WARN_UNUSED_VARIABLE = YES;
				IPHONEOS_DEPLOYMENT_TARGET = 12.1;
				MTL_ENABLE_DEBUG_INFO = NO;
				MTL_FAST_MATH = YES;
				SDKROOT = iphoneos;
				SWIFT_COMPILATION_MODE = wholemodule;
				SWIFT_OPTIMIZATION_LEVEL = "-O";
				VALIDATE_PRODUCT = YES;
			};
			name = Release;
		};
		D4ACD8142281D23C008C1F5C /* Debug */ = {
			isa = XCBuildConfiguration;
			buildSettings = {
				ASSETCATALOG_COMPILER_APPICON_NAME = AppIcon;
				CODE_SIGN_STYLE = Automatic;
				DEVELOPMENT_TEAM = SSHDGQDP74;
				INFOPLIST_FILE = MATO2/Info.plist;
				LD_RUNPATH_SEARCH_PATHS = (
					"$(inherited)",
					"@executable_path/Frameworks",
				);
				PRODUCT_BUNDLE_IDENTIFIER = jnimmo0.MATO2;
				PRODUCT_NAME = "$(TARGET_NAME)";
				SWIFT_VERSION = 4.2;
				TARGETED_DEVICE_FAMILY = "1,2";
			};
			name = Debug;
		};
		D4ACD8152281D23C008C1F5C /* Release */ = {
			isa = XCBuildConfiguration;
			buildSettings = {
				ASSETCATALOG_COMPILER_APPICON_NAME = AppIcon;
				CODE_SIGN_STYLE = Automatic;
				DEVELOPMENT_TEAM = SSHDGQDP74;
				INFOPLIST_FILE = MATO2/Info.plist;
				LD_RUNPATH_SEARCH_PATHS = (
					"$(inherited)",
					"@executable_path/Frameworks",
				);
				PRODUCT_BUNDLE_IDENTIFIER = jnimmo0.MATO2;
				PRODUCT_NAME = "$(TARGET_NAME)";
				SWIFT_VERSION = 4.2;
				TARGETED_DEVICE_FAMILY = "1,2";
			};
			name = Release;
		};
/* End XCBuildConfiguration section */

/* Begin XCConfigurationList section */
		D4ACD7F92281D23B008C1F5C /* Build configuration list for PBXProject "MATO2" */ = {
			isa = XCConfigurationList;
			buildConfigurations = (
				D4ACD8112281D23C008C1F5C /* Debug */,
				D4ACD8122281D23C008C1F5C /* Release */,
			);
			defaultConfigurationIsVisible = 0;
			defaultConfigurationName = Release;
		};
		D4ACD8132281D23C008C1F5C /* Build configuration list for PBXNativeTarget "MATO2" */ = {
			isa = XCConfigurationList;
			buildConfigurations = (
				D4ACD8142281D23C008C1F5C /* Debug */,
				D4ACD8152281D23C008C1F5C /* Release */,
			);
			defaultConfigurationIsVisible = 0;
			defaultConfigurationName = Release;
		};
/* End XCConfigurationList section */

/* Begin XCVersionGroup section */
		D4ACD8082281D23B008C1F5C /* MATO2.xcdatamodeld */ = {
			isa = XCVersionGroup;
			children = (
				D4ACD8092281D23B008C1F5C /* MATO2.xcdatamodel */,
			);
			currentVersion = D4ACD8092281D23B008C1F5C /* MATO2.xcdatamodel */;
			path = MATO2.xcdatamodeld;
			sourceTree = "<group>";
			versionGroupType = wrapper.xcdatamodel;
		};
/* End XCVersionGroup section */
	};
	rootObject = D4ACD7F62281D23B008C1F5C /* Project object */;
}
